
Microsoft Visual Studio Solution File, Format Version 12.00
# Visual Studio Version 17
VisualStudioVersion = 17.5.002.0
MinimumVisualStudioVersion = 10.0.40219.1
Project("{9A19103F-16F7-4668-BE54-9A1E7A4F7556}") = "5.1.Amaliy vazifa OOP advanced", "5.1.Amaliy vazifa OOP advanced.csproj", "{BECE3357-061D-4AE2-A263-DA1C55BEBDCB}"
EndProject
Global
	GlobalSection(SolutionConfigurationPlatforms) = preSolution
		Debug|Any CPU = Debug|Any CPU
		Release|Any CPU = Release|Any CPU
	EndGlobalSection
	GlobalSection(ProjectConfigurationPlatforms) = postSolution
		{BECE3357-061D-4AE2-A263-DA1C55BEBDCB}.Debug|Any CPU.ActiveCfg = Debug|Any CPU
		{BECE3357-061D-4AE2-A263-DA1C55BEBDCB}.Debug|Any CPU.Build.0 = Debug|Any CPU
		{BECE3357-061D-4AE2-A263-DA1C55BEBDCB}.Release|Any CPU.ActiveCfg = Release|Any CPU
		{BECE3357-061D-4AE2-A263-DA1C55BEBDCB}.Release|Any CPU.Build.0 = Release|Any CPU
	EndGlobalSection
	GlobalSection(SolutionProperties) = preSolution
		HideSolutionNode = FALSE
	EndGlobalSection
	GlobalSection(ExtensibilityGlobals) = postSolution
		SolutionGuid = {080D1AB6-2743-4C10-B829-14445BEB8197}
	EndGlobalSection
EndGlobal
